
Microsoft Visual Studio Solution File, Format Version 12.00
# Visual Studio 15
VisualStudioVersion = 15.0.28307.1340
MinimumVisualStudioVersion = 10.0.40219.1
Project("{FAE04EC0-301F-11D3-BF4B-00C04F79EFBC}") = "FoodDatabase", "FoodDatabase\FoodDatabase.csproj", "{AE973F45-D468-4B08-929F-67AA3DE41477}"
EndProject
Global
	GlobalSection(SolutionConfigurationPlatforms) = preSolution
		Debug|Any CPU = Debug|Any CPU
		Release|Any CPU = Release|Any CPU
	EndGlobalSection
	GlobalSection(ProjectConfigurationPlatforms) = postSolution
		{AE973F45-D468-4B08-929F-67AA3DE41477}.Debug|Any CPU.ActiveCfg = Debug|Any CPU
		{AE973F45-D468-4B08-929F-67AA3DE41477}.Debug|Any CPU.Build.0 = Debug|Any CPU
		{AE973F45-D468-4B08-929F-67AA3DE41477}.Release|Any CPU.ActiveCfg = Release|Any CPU
		{AE973F45-D468-4B08-929F-67AA3DE41477}.Release|Any CPU.Build.0 = Release|Any CPU
	EndGlobalSection
	GlobalSection(SolutionProperties) = preSolution
		HideSolutionNode = FALSE
	EndGlobalSection
	GlobalSection(ExtensibilityGlobals) = postSolution
		SolutionGuid = {8F4AD3CD-AF66-4BF9-B63E-2F37F3C1DEB0}
	EndGlobalSection
EndGlobal
